Microsoft Visual Studio Solution File, Format Version 12.00
# Visual Studio Version 17
VisualStudioVersion = 17.5.2.0
MinimumVisualStudioVersion = 10.0.40219.1
Project("{FAE04EC0-301F-11D3-BF4B-00C04F79EFBC}") = "SMTP", "SMTP.csproj", "{B6526AF5-9212-B1CD-426F-E4198035D896}"
EndProject
Global
	GlobalSection(SolutionConfigurationPlatforms) = preSolution
		Debug|Any CPU = Debug|Any CPU
		Release|Any CPU = Release|Any CPU
	EndGlobalSection
	GlobalSection(ProjectConfigurationPlatforms) = postSolution
		{B6526AF5-9212-B1CD-426F-E4198035D896}.Debug|Any CPU.ActiveCfg = Debug|Any CPU
		{B6526AF5-9212-B1CD-426F-E4198035D896}.Debug|Any CPU.Build.0 = Debug|Any CPU
		{B6526AF5-9212-B1CD-426F-E4198035D896}.Release|Any CPU.ActiveCfg = Release|Any CPU
		{B6526AF5-9212-B1CD-426F-E4198035D896}.Release|Any CPU.Build.0 = Release|Any CPU
	EndGlobalSection
	GlobalSection(SolutionProperties) = preSolution
		HideSolutionNode = FALSE
	EndGlobalSection
	GlobalSection(ExtensibilityGlobals) = postSolution
		SolutionGuid = {076BBB85-6926-4FCB-A1BB-B2CF595E36AB}
	EndGlobalSection
EndGlobal
